
Microsoft Visual Studio Solution File, Format Version 12.00
# Visual Studio Version 16
VisualStudioVersion = 16.0.31515.178
MinimumVisualStudioVersion = 10.0.40219.1
Project("{FAE04EC0-301F-11D3-BF4B-00C04F79EFBC}") = "ClientCustomerOrder", "CustomerOrdersManagerment\ClientCustomerOrder.csproj", "{C660E629-BD6F-4E31-89F6-C7AE5EAF2343}"
EndProject
Project("{FAE04EC0-301F-11D3-BF4B-00C04F79EFBC}") = "ServerCustomerOrder", "ServerCustomerOrder\ServerCustomerOrder.csproj", "{D531E504-BF18-41CB-A347-053895F4F3B2}"
EndProject
Project("{FAE04EC0-301F-11D3-BF4B-00C04F79EFBC}") = "DBStore", "DBStore\DBStore.csproj", "{B26DC57E-BEA3-42C0-B9FE-94AB3B22C114}"
EndProject
Global
	GlobalSection(SolutionConfigurationPlatforms) = preSolution
		Debug|Any CPU = Debug|Any CPU
		Release|Any CPU = Release|Any CPU
	EndGlobalSection
	GlobalSection(ProjectConfigurationPlatforms) = postSolution
		{C660E629-BD6F-4E31-89F6-C7AE5EAF2343}.Debug|Any CPU.ActiveCfg = Debug|Any CPU
		{C660E629-BD6F-4E31-89F6-C7AE5EAF2343}.Debug|Any CPU.Build.0 = Debug|Any CPU
		{C660E629-BD6F-4E31-89F6-C7AE5EAF2343}.Release|Any CPU.ActiveCfg = Release|Any CPU
		{C660E629-BD6F-4E31-89F6-C7AE5EAF2343}.Release|Any CPU.Build.0 = Release|Any CPU
		{D531E504-BF18-41CB-A347-053895F4F3B2}.Debug|Any CPU.ActiveCfg = Debug|Any CPU
		{D531E504-BF18-41CB-A347-053895F4F3B2}.Debug|Any CPU.Build.0 = Debug|Any CPU
		{D531E504-BF18-41CB-A347-053895F4F3B2}.Release|Any CPU.ActiveCfg = Release|Any CPU
		{D531E504-BF18-41CB-A347-053895F4F3B2}.Release|Any CPU.Build.0 = Release|Any CPU
		{B26DC57E-BEA3-42C0-B9FE-94AB3B22C114}.Debug|Any CPU.ActiveCfg = Debug|Any CPU
		{B26DC57E-BEA3-42C0-B9FE-94AB3B22C114}.Debug|Any CPU.Build.0 = Debug|Any CPU
		{B26DC57E-BEA3-42C0-B9FE-94AB3B22C114}.Release|Any CPU.ActiveCfg = Release|Any CPU
		{B26DC57E-BEA3-42C0-B9FE-94AB3B22C114}.Release|Any CPU.Build.0 = Release|Any CPU
	EndGlobalSection
	GlobalSection(SolutionProperties) = preSolution
		HideSolutionNode = FALSE
	EndGlobalSection
	GlobalSection(ExtensibilityGlobals) = postSolution
		SolutionGuid = {7DE86B33-FC61-4A4D-B6EF-0B1B1749DEB0}
	EndGlobalSection
EndGlobal
